// !$*UTF8*$!
{
	archiveVersion = 1;
	classes = {
	};
	objectVersion = 46;
	objects = {

/* Begin PBXBuildFile section */
		A5B62B5C16898D920092AF3B /* Cocoa.framework in Frameworks */ = {isa = PBXBuildFile; fileRef = A5B62B5B16898D920092AF3B /* Cocoa.framework */; };
		A5B62B5E16898D920092AF3B /* Quartz.framework in Frameworks */ = {isa = PBXBuildFile; fileRef = A5B62B5D16898D920092AF3B /* Quartz.framework */; };
		A5B62B6A16898D920092AF3B /* InfoPlist.strings in Resources */ = {isa = PBXBuildFile; fileRef = A5B62B6816898D920092AF3B /* InfoPlist.strings */; };
		A5B62B6D16898D920092AF3B /* QCStageDisplayPlugIn.m in Sources */ = {isa = PBXBuildFile; fileRef = A5B62B6C16898D920092AF3B /* QCStageDisplayPlugIn.m */; };
/* End PBXBuildFile section */

/* Begin PBXFileReference section */
		A5B62B5816898D920092AF3B /* QCStageDisplay.plugin */ = {isa = PBXFileReference; explicitFileType = wrapper.cfbundle; includeInIndex = 0; path = QCStageDisplay.plugin; sourceTree = BUILT_PRODUCTS_DIR; };
		A5B62B5B16898D920092AF3B /* Cocoa.framework */ = {isa = PBXFileReference; lastKnownFileType = wrapper.framework; name = Cocoa.framework; path = System/Library/Frameworks/Cocoa.framework; sourceTree = SDKROOT; };
		A5B62B5D16898D920092AF3B /* Quartz.framework */ = {isa = PBXFileReference; lastKnownFileType = wrapper.framework; name = Quartz.framework; path = System/Library/Frameworks/Quartz.framework; sourceTree = SDKROOT; };
		A5B62B6016898D920092AF3B /* AppKit.framework */ = {isa = PBXFileReference; lastKnownFileType = wrapper.framework; name = AppKit.framework; path = System/Library/Frameworks/AppKit.framework; sourceTree = SDKROOT; };
		A5B62B6116898D920092AF3B /* CoreData.framework */ = {isa = PBXFileReference; lastKnownFileType = wrapper.framework; name = CoreData.framework; path = System/Library/Frameworks/CoreData.framework; sourceTree = SDKROOT; };
		A5B62B6216898D920092AF3B /* Foundation.framework */ = {isa = PBXFileReference; lastKnownFileType = wrapper.framework; name = Foundation.framework; path = System/Library/Frameworks/Foundation.framework; sourceTree = SDKROOT; };
		A5B62B6716898D920092AF3B /* QCStageDisplay-Info.plist */ = {isa = PBXFileReference; lastKnownFileType = text.plist.xml; path = "QCStageDisplay-Info.plist"; sourceTree = "<group>"; };
		A5B62B6916898D920092AF3B /* en */ = {isa = PBXFileReference; lastKnownFileType = text.plist.strings; name = en; path = en.lproj/InfoPlist.strings; sourceTree = "<group>"; };
		A5B62B6B16898D920092AF3B /* QCStageDisplayPlugIn.h */ = {isa = PBXFileReference; lastKnownFileType = sourcecode.c.h; path = QCStageDisplayPlugIn.h; sourceTree = "<group>"; };
		A5B62B6C16898D920092AF3B /* QCStageDisplayPlugIn.m */ = {isa = PBXFileReference; lastKnownFileType = sourcecode.c.objc; path = QCStageDisplayPlugIn.m; sourceTree = "<group>"; };
		A5B62B6E16898D920092AF3B /* QCStageDisplay-Prefix.pch */ = {isa = PBXFileReference; lastKnownFileType = sourcecode.c.h; path = "QCStageDisplay-Prefix.pch"; sourceTree = "<group>"; };
/* End PBXFileReference section */

/* Begin PBXFrameworksBuildPhase section */
		A5B62B5416898D920092AF3B /* Frameworks */ = {
			isa = PBXFrameworksBuildPhase;
			buildActionMask = 2147483647;
			files = (
				A5B62B5C16898D920092AF3B /* Cocoa.framework in Frameworks */,
				A5B62B5E16898D920092AF3B /* Quartz.framework in Frameworks */,
			);
			runOnlyForDeploymentPostprocessing = 0;
		};
/* End PBXFrameworksBuildPhase section */

/* Begin PBXGroup section */
		A5B62B4C16898D920092AF3B = {
			isa = PBXGroup;
			children = (
				A5B62B6516898D920092AF3B /* QCStageDisplay */,
				A5B62B5A16898D920092AF3B /* Frameworks */,
				A5B62B5916898D920092AF3B /* Products */,
			);
			sourceTree = "<group>";
		};
		A5B62B5916898D920092AF3B /* Products */ = {
			isa = PBXGroup;
			children = (
				A5B62B5816898D920092AF3B /* QCStageDisplay.plugin */,
			);
			name = Products;
			sourceTree = "<group>";
		};
		A5B62B5A16898D920092AF3B /* Frameworks */ = {
			isa = PBXGroup;
			children = (
				A5B62B5B16898D920092AF3B /* Cocoa.framework */,
				A5B62B5D16898D920092AF3B /* Quartz.framework */,
				A5B62B5F16898D920092AF3B /* Other Frameworks */,
			);
			name = Frameworks;
			sourceTree = "<group>";
		};
		A5B62B5F16898D920092AF3B /* Other Frameworks */ = {
			isa = PBXGroup;
			children = (
				A5B62B6016898D920092AF3B /* AppKit.framework */,
				A5B62B6116898D920092AF3B /* CoreData.framework */,
				A5B62B6216898D920092AF3B /* Foundation.framework */,
			);
			name = "Other Frameworks";
			sourceTree = "<group>";
		};
		A5B62B6516898D920092AF3B /* QCStageDisplay */ = {
			isa = PBXGroup;
			children = (
				A5B62B6B16898D920092AF3B /* QCStageDisplayPlugIn.h */,
				A5B62B6C16898D920092AF3B /* QCStageDisplayPlugIn.m */,
				A5B62B6616898D920092AF3B /* Supporting Files */,
			);
			path = QCStageDisplay;
			sourceTree = "<group>";
		};
		A5B62B6616898D920092AF3B /* Supporting Files */ = {
			isa = PBXGroup;
			children = (
				A5B62B6716898D920092AF3B /* QCStageDisplay-Info.plist */,
				A5B62B6816898D920092AF3B /* InfoPlist.strings */,
				A5B62B6E16898D920092AF3B /* QCStageDisplay-Prefix.pch */,
			);
			name = "Supporting Files";
			sourceTree = "<group>";
		};
/* End PBXGroup section */

/* Begin PBXNativeTarget section */
		A5B62B5716898D920092AF3B /* QCStageDisplay */ = {
			isa = PBXNativeTarget;
			buildConfigurationList = A5B62B7116898D920092AF3B /* Build configuration list for PBXNativeTarget "QCStageDisplay" */;
			buildPhases = (
				A5B62B5316898D920092AF3B /* Sources */,
				A5B62B5416898D920092AF3B /* Frameworks */,
				A5B62B5516898D920092AF3B /* Resources */,
				A5B62B5616898D920092AF3B /* ShellScript */,
			);
			buildRules = (
			);
			dependencies = (
			);
			name = QCStageDisplay;
			productName = QCStageDisplay;
			productReference = A5B62B5816898D920092AF3B /* QCStageDisplay.plugin */;
			productType = "com.apple.product-type.bundle";
		};
/* End PBXNativeTarget section */

/* Begin PBXProject section */
		A5B62B4E16898D920092AF3B /* Project object */ = {
			isa = PBXProject;
			attributes = {
				LastUpgradeCheck = 0450;
				ORGANIZATIONNAME = "Douglas Heriot";
			};
			buildConfigurationList = A5B62B5116898D920092AF3B /* Build configuration list for PBXProject "QCStageDisplay" */;
			compatibilityVersion = "Xcode 3.2";
			developmentRegion = English;
			hasScannedForEncodings = 0;
			knownRegions = (
				en,
			);
			mainGroup = A5B62B4C16898D920092AF3B;
			productRefGroup = A5B62B5916898D920092AF3B /* Products */;
			projectDirPath = "";
			projectRoot = "";
			targets = (
				A5B62B5716898D920092AF3B /* QCStageDisplay */,
			);
		};
/* End PBXProject section */

/* Begin PBXResourcesBuildPhase section */
		A5B62B5516898D920092AF3B /* Resources */ = {
			isa = PBXResourcesBuildPhase;
			buildActionMask = 2147483647;
			files = (
				A5B62B6A16898D920092AF3B /* InfoPlist.strings in Resources */,
			);
			runOnlyForDeploymentPostprocessing = 0;
		};
/* End PBXResourcesBuildPhase section */

/* Begin PBXShellScriptBuildPhase section */
		A5B62B5616898D920092AF3B /* ShellScript */ = {
			isa = PBXShellScriptBuildPhase;
			buildActionMask = 2147483647;
			files = (
			);
			inputPaths = (
			);
			outputPaths = (
			);
			runOnlyForDeploymentPostprocessing = 0;
			shellPath = /bin/sh;
			shellScript = "# This shell script simply copies the built plug-in to \"~/Library/Graphics/Quartz Composer Plug-Ins\" and overrides any previous version at that location\n\nmkdir -p \"$USER_LIBRARY_DIR/Graphics/Quartz Composer Plug-Ins\"\nrm -rf \"$USER_LIBRARY_DIR/Graphics/Quartz Composer Plug-Ins/QCStageDisplay.plugin\"\ncp -rf \"$BUILT_PRODUCTS_DIR/QCStageDisplay.plugin\" \"$USER_LIBRARY_DIR/Graphics/Quartz Composer Plug-Ins/\"\n";
		};
/* End PBXShellScriptBuildPhase section */

/* Begin PBXSourcesBuildPhase section */
		A5B62B5316898D920092AF3B /* Sources */ = {
			isa = PBXSourcesBuildPhase;
			buildActionMask = 2147483647;
			files = (
				A5B62B6D16898D920092AF3B /* QCStageDisplayPlugIn.m in Sources */,
			);
			runOnlyForDeploymentPostprocessing = 0;
		};
/* End PBXSourcesBuildPhase section */

/* Begin PBXVariantGroup section */
		A5B62B6816898D920092AF3B /* InfoPlist.strings */ = {
			isa = PBXVariantGroup;
			children = (
				A5B62B6916898D920092AF3B /* en */,
			);
			name = InfoPlist.strings;
			sourceTree = "<group>";
		};
/* End PBXVariantGroup section */

/* Begin XCBuildConfiguration section */
		A5B62B6F16898D920092AF3B /* Debug */ = {
			isa = XCBuildConfiguration;
			buildSettings = {
				ALWAYS_SEARCH_USER_PATHS = NO;
				ARCHS = "$(ARCHS_STANDARD_64_BIT)";
				CLANG_CXX_LANGUAGE_STANDARD = "gnu++0x";
				CLANG_CXX_LIBRARY = "libc++";
				CLANG_WARN_EMPTY_BODY = YES;
				CLANG_WARN__DUPLICATE_METHOD_MATCH = YES;
				COPY_PHASE_STRIP = NO;
				GCC_C_LANGUAGE_STANDARD = gnu99;
				GCC_DYNAMIC_NO_PIC = NO;
				GCC_ENABLE_OBJC_EXCEPTIONS = YES;
				GCC_OPTIMIZATION_LEVEL = 0;
				GCC_PREPROCESSOR_DEFINITIONS = (
					"DEBUG=1",
					"$(inherited)",
				);
				GCC_SYMBOLS_PRIVATE_EXTERN = NO;
				GCC_WARN_64_TO_32_BIT_CONVERSION = YES;
				GCC_WARN_ABOUT_RETURN_TYPE = YES;
				GCC_WARN_UNINITIALIZED_AUTOS = YES;
				GCC_WARN_UNUSED_VARIABLE = YES;
				MACOSX_DEPLOYMENT_TARGET = 10.8;
				ONLY_ACTIVE_ARCH = YES;
				SDKROOT = macosx;
			};
			name = Debug;
		};
		A5B62B7016898D920092AF3B /* Release */ = {
			isa = XCBuildConfiguration;
			buildSettings = {
				ALWAYS_SEARCH_USER_PATHS = NO;
				ARCHS = "$(ARCHS_STANDARD_64_BIT)";
				CLANG_CXX_LANGUAGE_STANDARD = "gnu++0x";
				CLANG_CXX_LIBRARY = "libc++";
				CLANG_WARN_EMPTY_BODY = YES;
				CLANG_WARN__DUPLICATE_METHOD_MATCH = YES;
				COPY_PHASE_STRIP = YES;
				DEBUG_INFORMATION_FORMAT = "dwarf-with-dsym";
				GCC_C_LANGUAGE_STANDARD = gnu99;
				GCC_ENABLE_OBJC_EXCEPTIONS = YES;
				GCC_WARN_64_TO_32_BIT_CONVERSION = YES;
				GCC_WARN_ABOUT_RETURN_TYPE = YES;
				GCC_WARN_UNINITIALIZED_AUTOS = YES;
				GCC_WARN_UNUSED_VARIABLE = YES;
				MACOSX_DEPLOYMENT_TARGET = 10.8;
				SDKROOT = macosx;
			};
			name = Release;
		};
		A5B62B7216898D920092AF3B /* Debug */ = {
			isa = XCBuildConfiguration;
			buildSettings = {
				CLANG_ENABLE_OBJC_ARC = YES;
				COMBINE_HIDPI_IMAGES = YES;
				GCC_ENABLE_OBJC_GC = unsupported;
				GCC_PRECOMPILE_PREFIX_HEADER = YES;
				GCC_PREFIX_HEADER = "QCStageDisplay/QCStageDisplay-Prefix.pch";
				INFOPLIST_FILE = "QCStageDisplay/QCStageDisplay-Info.plist";
				INSTALL_PATH = "$(HOME)/Library/Graphics/Quartz Composer Plug-Ins";
				PRODUCT_NAME = "$(TARGET_NAME)";
				WRAPPER_EXTENSION = plugin;
			};
			name = Debug;
		};
		A5B62B7316898D920092AF3B /* Release */ = {
			isa = XCBuildConfiguration;
			buildSettings = {
				CLANG_ENABLE_OBJC_ARC = YES;
				COMBINE_HIDPI_IMAGES = YES;
				GCC_ENABLE_OBJC_GC = unsupported;
				GCC_PRECOMPILE_PREFIX_HEADER = YES;
				GCC_PREFIX_HEADER = "QCStageDisplay/QCStageDisplay-Prefix.pch";
				INFOPLIST_FILE = "QCStageDisplay/QCStageDisplay-Info.plist";
				INSTALL_PATH = "$(HOME)/Library/Graphics/Quartz Composer Plug-Ins";
				PRODUCT_NAME = "$(TARGET_NAME)";
				WRAPPER_EXTENSION = plugin;
			};
			name = Release;
		};
/* End XCBuildConfiguration section */

/* Begin XCConfigurationList section */
		A5B62B5116898D920092AF3B /* Build configuration list for PBXProject "QCStageDisplay" */ = {
			isa = XCConfigurationList;
			buildConfigurations = (
				A5B62B6F16898D920092AF3B /* Debug */,
				A5B62B7016898D920092AF3B /* Release */,
			);
			defaultConfigurationIsVisible = 0;
			defaultConfigurationName = Release;
		};
		A5B62B7116898D920092AF3B /* Build configuration list for PBXNativeTarget "QCStageDisplay" */ = {
			isa = XCConfigurationList;
			buildConfigurations = (
				A5B62B7216898D920092AF3B /* Debug */,
				A5B62B7316898D920092AF3B /* Release */,
			);
			defaultConfigurationIsVisible = 0;
			defaultConfigurationName = Release;
		};
/* End XCConfigurationList section */
	};
	rootObject = A5B62B4E16898D920092AF3B /* Project object */;
}
